// !$*UTF8*$!
{
	archiveVersion = 1;
	classes = {
	};
	objectVersion = 50;
	objects = {

/* Begin PBXBuildFile section */
		CE7ED84A24890E1400CAFAEE /* AppDelegate.swift in Sources */ = {isa = PBXBuildFile; fileRef = CE7ED84924890E1400CAFAEE /* AppDelegate.swift */; };
		CE7ED84C24890E1400CAFAEE /* SceneDelegate.swift in Sources */ = {isa = PBXBuildFile; fileRef = CE7ED84B24890E1400CAFAEE /* SceneDelegate.swift */; };
		CE7ED84E24890E1400CAFAEE /* ViewController.swift in Sources */ = {isa = PBXBuildFile; fileRef = CE7ED84D24890E1400CAFAEE /* ViewController.swift */; };
		CE7ED85124890E1400CAFAEE /* Main.storyboard in Resources */ = {isa = PBXBuildFile; fileRef = CE7ED84F24890E1400CAFAEE /* Main.storyboard */; };
		CE7ED85324890E1600CAFAEE /* Assets.xcassets in Resources */ = {isa = PBXBuildFile; fileRef = CE7ED85224890E1600CAFAEE /* Assets.xcassets */; };
		CE7ED85624890E1600CAFAEE /* LaunchScreen.storyboard in Resources */ = {isa = PBXBuildFile; fileRef = CE7ED85424890E1600CAFAEE /* LaunchScreen.storyboard */; };
		CE7ED85F24890FC400CAFAEE /* Message.swift in Sources */ = {isa = PBXBuildFile; fileRef = CE7ED85E24890FC400CAFAEE /* Message.swift */; };
		CE7ED8612489118B00CAFAEE /* Constant.swift in Sources */ = {isa = PBXBuildFile; fileRef = CE7ED8602489118B00CAFAEE /* Constant.swift */; };
/* End PBXBuildFile section */

/* Begin PBXFileReference section */
		CE7ED84624890E1400CAFAEE /* CustomUITableView.app */ = {isa = PBXFileReference; explicitFileType = wrapper.application; includeInIndex = 0; path = CustomUITableView.app; sourceTree = BUILT_PRODUCTS_DIR; };
		CE7ED84924890E1400CAFAEE /* AppDelegate.swift */ = {isa = PBXFileReference; lastKnownFileType = sourcecode.swift; path = AppDelegate.swift; sourceTree = "<group>"; };
		CE7ED84B24890E1400CAFAEE /* SceneDelegate.swift */ = {isa = PBXFileReference; lastKnownFileType = sourcecode.swift; path = SceneDelegate.swift; sourceTree = "<group>"; };
		CE7ED84D24890E1400CAFAEE /* ViewController.swift */ = {isa = PBXFileReference; lastKnownFileType = sourcecode.swift; path = ViewController.swift; sourceTree = "<group>"; };
		CE7ED85024890E1400CAFAEE /* Base */ = {isa = PBXFileReference; lastKnownFileType = file.storyboard; name = Base; path = Base.lproj/Main.storyboard; sourceTree = "<group>"; };
		CE7ED85224890E1600CAFAEE /* Assets.xcassets */ = {isa = PBXFileReference; lastKnownFileType = folder.assetcatalog; path = Assets.xcassets; sourceTree = "<group>"; };
		CE7ED85524890E1600CAFAEE /* Base */ = {isa = PBXFileReference; lastKnownFileType = file.storyboard; name = Base; path = Base.lproj/LaunchScreen.storyboard; sourceTree = "<group>"; };
		CE7ED85724890E1600CAFAEE /* Info.plist */ = {isa = PBXFileReference; lastKnownFileType = text.plist.xml; path = Info.plist; sourceTree = "<group>"; };
		CE7ED85E24890FC400CAFAEE /* Message.swift */ = {isa = PBXFileReference; lastKnownFileType = sourcecode.swift; path = Message.swift; sourceTree = "<group>"; };
		CE7ED8602489118B00CAFAEE /* Constant.swift */ = {isa = PBXFileReference; lastKnownFileType = sourcecode.swift; path = Constant.swift; sourceTree = "<group>"; };
/* End PBXFileReference section */

/* Begin PBXFrameworksBuildPhase section */
		CE7ED84324890E1400CAFAEE /* Frameworks */ = {
			isa = PBXFrameworksBuildPhase;
			buildActionMask = 2147483647;
			files = (
			);
			runOnlyForDeploymentPostprocessing = 0;
		};
/* End PBXFrameworksBuildPhase section */

/* Begin PBXGroup section */
		CE7ED83D24890E1400CAFAEE = {
			isa = PBXGroup;
			children = (
				CE7ED84824890E1400CAFAEE /* CustomUITableView */,
				CE7ED84724890E1400CAFAEE /* Products */,
			);
			sourceTree = "<group>";
		};
		CE7ED84724890E1400CAFAEE /* Products */ = {
			isa = PBXGroup;
			children = (
				CE7ED84624890E1400CAFAEE /* CustomUITableView.app */,
			);
			name = Products;
			sourceTree = "<group>";
		};
		CE7ED84824890E1400CAFAEE /* CustomUITableView */ = {
			isa = PBXGroup;
			children = (
				CE7ED85D24890FAD00CAFAEE /* Model */,
				CE7ED84924890E1400CAFAEE /* AppDelegate.swift */,
				CE7ED84B24890E1400CAFAEE /* SceneDelegate.swift */,
				CE7ED84D24890E1400CAFAEE /* ViewController.swift */,
				CE7ED84F24890E1400CAFAEE /* Main.storyboard */,
				CE7ED85224890E1600CAFAEE /* Assets.xcassets */,
				CE7ED85424890E1600CAFAEE /* LaunchScreen.storyboard */,
				CE7ED85724890E1600CAFAEE /* Info.plist */,
				CE7ED8602489118B00CAFAEE /* Constant.swift */,
			);
			path = CustomUITableView;
			sourceTree = "<group>";
		};
		CE7ED85D24890FAD00CAFAEE /* Model */ = {
			isa = PBXGroup;
			children = (
				CE7ED85E24890FC400CAFAEE /* Message.swift */,
			);
			name = Model;
			sourceTree = "<group>";
		};
/* End PBXGroup section */

/* Begin PBXNativeTarget section */
		CE7ED84524890E1400CAFAEE /* CustomUITableView */ = {
			isa = PBXNativeTarget;
			buildConfigurationList = CE7ED85A24890E1600CAFAEE /* Build configuration list for PBXNativeTarget "CustomUITableView" */;
			buildPhases = (
				CE7ED84224890E1400CAFAEE /* Sources */,
				CE7ED84324890E1400CAFAEE /* Frameworks */,
				CE7ED84424890E1400CAFAEE /* Resources */,
			);
			buildRules = (
			);
			dependencies = (
			);
			name = CustomUITableView;
			productName = CustomUITableView;
			productReference = CE7ED84624890E1400CAFAEE /* CustomUITableView.app */;
			productType = "com.apple.product-type.application";
		};
/* End PBXNativeTarget section */

/* Begin PBXProject section */
		CE7ED83E24890E1400CAFAEE /* Project object */ = {
			isa = PBXProject;
			attributes = {
				LastSwiftUpdateCheck = 1150;
				LastUpgradeCheck = 1150;
				ORGANIZATIONNAME = user;
				TargetAttributes = {
					CE7ED84524890E1400CAFAEE = {
						CreatedOnToolsVersion = 11.5;
					};
				};
			};
			buildConfigurationList = CE7ED84124890E1400CAFAEE /* Build configuration list for PBXProject "CustomUITableView" */;
			compatibilityVersion = "Xcode 9.3";
			developmentRegion = en;
			hasScannedForEncodings = 0;
			knownRegions = (
				en,
				Base,
			);
			mainGroup = CE7ED83D24890E1400CAFAEE;
			productRefGroup = CE7ED84724890E1400CAFAEE /* Products */;
			projectDirPath = "";
			projectRoot = "";
			targets = (
				CE7ED84524890E1400CAFAEE /* CustomUITableView */,
			);
		};
/* End PBXProject section */

/* Begin PBXResourcesBuildPhase section */
		CE7ED84424890E1400CAFAEE /* Resources */ = {
			isa = PBXResourcesBuildPhase;
			buildActionMask = 2147483647;
			files = (
				CE7ED85624890E1600CAFAEE /* LaunchScreen.storyboard in Resources */,
				CE7ED85324890E1600CAFAEE /* Assets.xcassets in Resources */,
				CE7ED85124890E1400CAFAEE /* Main.storyboard in Resources */,
			);
			runOnlyForDeploymentPostprocessing = 0;
		};
/* End PBXResourcesBuildPhase section */

/* Begin PBXSourcesBuildPhase section */
		CE7ED84224890E1400CAFAEE /* Sources */ = {
			isa = PBXSourcesBuildPhase;
			buildActionMask = 2147483647;
			files = (
				CE7ED84E24890E1400CAFAEE /* ViewController.swift in Sources */,
				CE7ED85F24890FC400CAFAEE /* Message.swift in Sources */,
				CE7ED8612489118B00CAFAEE /* Constant.swift in Sources */,
				CE7ED84A24890E1400CAFAEE /* AppDelegate.swift in Sources */,
				CE7ED84C24890E1400CAFAEE /* SceneDelegate.swift in Sources */,
			);
			runOnlyForDeploymentPostprocessing = 0;
		};
/* End PBXSourcesBuildPhase section */

/* Begin PBXVariantGroup section */
		CE7ED84F24890E1400CAFAEE /* Main.storyboard */ = {
			isa = PBXVariantGroup;
			children = (
				CE7ED85024890E1400CAFAEE /* Base */,
			);
			name = Main.storyboard;
			sourceTree = "<group>";
		};
		CE7ED85424890E1600CAFAEE /* LaunchScreen.storyboard */ = {
			isa = PBXVariantGroup;
			children = (
				CE7ED85524890E1600CAFAEE /* Base */,
			);
			name = LaunchScreen.storyboard;
			sourceTree = "<group>";
		};
/* End PBXVariantGroup section */

/* Begin XCBuildConfiguration section */
		CE7ED85824890E1600CAFAEE /* Debug */ = {
			isa = XCBuildConfiguration;
			buildSettings = {
				ALWAYS_SEARCH_USER_PATHS = NO;
				CLANG_ANALYZER_NONNULL = YES;
				CLANG_ANALYZER_NUMBER_OBJECT_CONVERSION = YES_AGGRESSIVE;
				CLANG_CXX_LANGUAGE_STANDARD = "gnu++14";
				CLANG_CXX_LIBRARY = "libc++";
				CLANG_ENABLE_MODULES = YES;
				CLANG_ENABLE_OBJC_ARC = YES;
				CLANG_ENABLE_OBJC_WEAK = YES;
				CLANG_WARN_BLOCK_CAPTURE_AUTORELEASING = YES;
				CLANG_WARN_BOOL_CONVERSION = YES;
				CLANG_WARN_COMMA = YES;
				CLANG_WARN_CONSTANT_CONVERSION = YES;
				CLANG_WARN_DEPRECATED_OBJC_IMPLEMENTATIONS = YES;
				CLANG_WARN_DIRECT_OBJC_ISA_USAGE = YES_ERROR;
				CLANG_WARN_DOCUMENTATION_COMMENTS = YES;
				CLANG_WARN_EMPTY_BODY = YES;
				CLANG_WARN_ENUM_CONVERSION = YES;
				CLANG_WARN_INFINITE_RECURSION = YES;
				CLANG_WARN_INT_CONVERSION = YES;
				CLANG_WARN_NON_LITERAL_NULL_CONVERSION = YES;
				CLANG_WARN_OBJC_IMPLICIT_RETAIN_SELF = YES;
				CLANG_WARN_OBJC_LITERAL_CONVERSION = YES;
				CLANG_WARN_OBJC_ROOT_CLASS = YES_ERROR;
				CLANG_WARN_RANGE_LOOP_ANALYSIS = YES;
				CLANG_WARN_STRICT_PROTOTYPES = YES;
				CLANG_WARN_SUSPICIOUS_MOVE = YES;
				CLANG_WARN_UNGUARDED_AVAILABILITY = YES_AGGRESSIVE;
				CLANG_WARN_UNREACHABLE_CODE = YES;
				CLANG_WARN__DUPLICATE_METHOD_MATCH = YES;
				COPY_PHASE_STRIP = NO;
				DEBUG_INFORMATION_FORMAT = dwarf;
				ENABLE_STRICT_OBJC_MSGSEND = YES;
				ENABLE_TESTABILITY = YES;
				GCC_C_LANGUAGE_STANDARD = gnu11;
				GCC_DYNAMIC_NO_PIC = NO;
				GCC_NO_COMMON_BLOCKS = YES;
				GCC_OPTIMIZATION_LEVEL = 0;
				GCC_PREPROCESSOR_DEFINITIONS = (
					"DEBUG=1",
					"$(inherited)",
				);
				GCC_WARN_64_TO_32_BIT_CONVERSION = YES;
				GCC_WARN_ABOUT_RETURN_TYPE = YES_ERROR;
				GCC_WARN_UNDECLARED_SELECTOR = YES;
				GCC_WARN_UNINITIALIZED_AUTOS = YES_AGGRESSIVE;
				GCC_WARN_UNUSED_FUNCTION = YES;
				GCC_WARN_UNUSED_VARIABLE = YES;
				IPHONEOS_DEPLOYMENT_TARGET = 13.5;
				MTL_ENABLE_DEBUG_INFO = INCLUDE_SOURCE;
				MTL_FAST_MATH = YES;
				ONLY_ACTIVE_ARCH = YES;
				SDKROOT = iphoneos;
				SWIFT_ACTIVE_COMPILATION_CONDITIONS = DEBUG;
				SWIFT_OPTIMIZATION_LEVEL = "-Onone";
			};
			name = Debug;
		};
		CE7ED85924890E1600CAFAEE /* Release */ = {
			isa = XCBuildConfiguration;
			buildSettings = {
				ALWAYS_SEARCH_USER_PATHS = NO;
				CLANG_ANALYZER_NONNULL = YES;
				CLANG_ANALYZER_NUMBER_OBJECT_CONVERSION = YES_AGGRESSIVE;
				CLANG_CXX_LANGUAGE_STANDARD = "gnu++14";
				CLANG_CXX_LIBRARY = "libc++";
				CLANG_ENABLE_MODULES = YES;
				CLANG_ENABLE_OBJC_ARC = YES;
				CLANG_ENABLE_OBJC_WEAK = YES;
				CLANG_WARN_BLOCK_CAPTURE_AUTORELEASING = YES;
				CLANG_WARN_BOOL_CONVERSION = YES;
				CLANG_WARN_COMMA = YES;
				CLANG_WARN_CONSTANT_CONVERSION = YES;
				CLANG_WARN_DEPRECATED_OBJC_IMPLEMENTATIONS = YES;
				CLANG_WARN_DIRECT_OBJC_ISA_USAGE = YES_ERROR;
				CLANG_WARN_DOCUMENTATION_COMMENTS = YES;
				CLANG_WARN_EMPTY_BODY = YES;
				CLANG_WARN_ENUM_CONVERSION = YES;
				CLANG_WARN_INFINITE_RECURSION = YES;
				CLANG_WARN_INT_CONVERSION = YES;
				CLANG_WARN_NON_LITERAL_NULL_CONVERSION = YES;
				CLANG_WARN_OBJC_IMPLICIT_RETAIN_SELF = YES;
				CLANG_WARN_OBJC_LITERAL_CONVERSION = YES;
				CLANG_WARN_OBJC_ROOT_CLASS = YES_ERROR;
				CLANG_WARN_RANGE_LOOP_ANALYSIS = YES;
				CLANG_WARN_STRICT_PROTOTYPES = YES;
				CLANG_WARN_SUSPICIOUS_MOVE = YES;
				CLANG_WARN_UNGUARDED_AVAILABILITY = YES_AGGRESSIVE;
				CLANG_WARN_UNREACHABLE_CODE = YES;
				CLANG_WARN__DUPLICATE_METHOD_MATCH = YES;
				COPY_PHASE_STRIP = NO;
				DEBUG_INFORMATION_FORMAT = "dwarf-with-dsym";
				ENABLE_NS_ASSERTIONS = NO;
				ENABLE_STRICT_OBJC_MSGSEND = YES;
				GCC_C_LANGUAGE_STANDARD = gnu11;
				GCC_NO_COMMON_BLOCKS = YES;
				GCC_WARN_64_TO_32_BIT_CONVERSION = YES;
				GCC_WARN_ABOUT_RETURN_TYPE = YES_ERROR;
				GCC_WARN_UNDECLARED_SELECTOR = YES;
				GCC_WARN_UNINITIALIZED_AUTOS = YES_AGGRESSIVE;
				GCC_WARN_UNUSED_FUNCTION = YES;
				GCC_WARN_UNUSED_VARIABLE = YES;
				IPHONEOS_DEPLOYMENT_TARGET = 13.5;
				MTL_ENABLE_DEBUG_INFO = NO;
				MTL_FAST_MATH = YES;
				SDKROOT = iphoneos;
				SWIFT_COMPILATION_MODE = wholemodule;
				SWIFT_OPTIMIZATION_LEVEL = "-O";
				VALIDATE_PRODUCT = YES;
			};
			name = Release;
		};
		CE7ED85B24890E1600CAFAEE /* Debug */ = {
			isa = XCBuildConfiguration;
			buildSettings = {
				ASSETCATALOG_COMPILER_APPICON_NAME = AppIcon;
				CODE_SIGN_STYLE = Automatic;
				INFOPLIST_FILE = CustomUITableView/Info.plist;
				LD_RUNPATH_SEARCH_PATHS = (
					"$(inherited)",
					"@executable_path/Frameworks",
				);
				PRODUCT_BUNDLE_IDENTIFIER = com.farhan.CustomUITableView;
				PRODUCT_NAME = "$(TARGET_NAME)";
				SWIFT_VERSION = 5.0;
				TARGETED_DEVICE_FAMILY = "1,2";
			};
			name = Debug;
		};
		CE7ED85C24890E1600CAFAEE /* Release */ = {
			isa = XCBuildConfiguration;
			buildSettings = {
				ASSETCATALOG_COMPILER_APPICON_NAME = AppIcon;
				CODE_SIGN_STYLE = Automatic;
				INFOPLIST_FILE = CustomUITableView/Info.plist;
				LD_RUNPATH_SEARCH_PATHS = (
					"$(inherited)",
					"@executable_path/Frameworks",
				);
				PRODUCT_BUNDLE_IDENTIFIER = com.farhan.CustomUITableView;
				PRODUCT_NAME = "$(TARGET_NAME)";
				SWIFT_VERSION = 5.0;
				TARGETED_DEVICE_FAMILY = "1,2";
			};
			name = Release;
		};
/* End XCBuildConfiguration section */

/* Begin XCConfigurationList section */
		CE7ED84124890E1400CAFAEE /* Build configuration list for PBXProject "CustomUITableView" */ = {
			isa = XCConfigurationList;
			buildConfigurations = (
				CE7ED85824890E1600CAFAEE /* Debug */,
				CE7ED85924890E1600CAFAEE /* Release */,
			);
			defaultConfigurationIsVisible = 0;
			defaultConfigurationName = Release;
		};
		CE7ED85A24890E1600CAFAEE /* Build configuration list for PBXNativeTarget "CustomUITableView" */ = {
			isa = XCConfigurationList;
			buildConfigurations = (
				CE7ED85B24890E1600CAFAEE /* Debug */,
				CE7ED85C24890E1600CAFAEE /* Release */,
			);
			defaultConfigurationIsVisible = 0;
			defaultConfigurationName = Release;
		};
/* End XCConfigurationList section */
	};
	rootObject = CE7ED83E24890E1400CAFAEE /* Project object */;
}
